
Microsoft Visual Studio Solution File, Format Version 12.00
# Visual Studio 16
Project("{FAE04EC0-301F-11D3-BF4B-00C04F79EFBC}") = "Assembly-CSharp", "Assembly-CSharp.csproj", "{E9F3F7D5-5307-F245-FD4B-4D169CCCAC2B}"
EndProject
Project("{FAE04EC0-301F-11D3-BF4B-00C04F79EFBC}") = "Assembly-CSharp-Editor", "Assembly-CSharp-Editor.csproj", "{859974F3-DFB7-0FAA-7A84-76CFD2138C7C}"
EndProject
Global
	GlobalSection(SolutionConfigurationPlatforms) = preSolution
		Debug|Any CPU = Debug|Any CPU
		Release|Any CPU = Release|Any CPU
	EndGlobalSection
	GlobalSection(ProjectConfigurationPlatforms) = postSolution
		{E9F3F7D5-5307-F245-FD4B-4D169CCCAC2B}.Debug|Any CPU.ActiveCfg = Debug|Any CPU
		{E9F3F7D5-5307-F245-FD4B-4D169CCCAC2B}.Debug|Any CPU.Build.0 = Debug|Any CPU
		{E9F3F7D5-5307-F245-FD4B-4D169CCCAC2B}.Release|Any CPU.ActiveCfg = Release|Any CPU
		{E9F3F7D5-5307-F245-FD4B-4D169CCCAC2B}.Release|Any CPU.Build.0 = Release|Any CPU
		{859974F3-DFB7-0FAA-7A84-76CFD2138C7C}.Debug|Any CPU.ActiveCfg = Debug|Any CPU
		{859974F3-DFB7-0FAA-7A84-76CFD2138C7C}.Debug|Any CPU.Build.0 = Debug|Any CPU
		{859974F3-DFB7-0FAA-7A84-76CFD2138C7C}.Release|Any CPU.ActiveCfg = Release|Any CPU
		{859974F3-DFB7-0FAA-7A84-76CFD2138C7C}.Release|Any CPU.Build.0 = Release|Any CPU
	EndGlobalSection
	GlobalSection(SolutionProperties) = preSolution
		HideSolutionNode = FALSE
	EndGlobalSection
EndGlobal
